# This file is generated by running "yarn install" inside your project.
# Manual changes might be lost - proceed with caution!

__metadata:
  version: 8
  cacheKey: 10c0

"@biomejs/biome@npm:^1.9.4":
  version: 1.9.4
  resolution: "@biomejs/biome@npm:1.9.4"
  dependencies:
    "@biomejs/cli-darwin-arm64": "npm:1.9.4"
    "@biomejs/cli-darwin-x64": "npm:1.9.4"
    "@biomejs/cli-linux-arm64": "npm:1.9.4"
    "@biomejs/cli-linux-arm64-musl": "npm:1.9.4"
    "@biomejs/cli-linux-x64": "npm:1.9.4"
    "@biomejs/cli-linux-x64-musl": "npm:1.9.4"
    "@biomejs/cli-win32-arm64": "npm:1.9.4"
    "@biomejs/cli-win32-x64": "npm:1.9.4"
  dependenciesMeta:
    "@biomejs/cli-darwin-arm64":
      optional: true
    "@biomejs/cli-darwin-x64":
      optional: true
    "@biomejs/cli-linux-arm64":
      optional: true
    "@biomejs/cli-linux-arm64-musl":
      optional: true
    "@biomejs/cli-linux-x64":
      optional: true
    "@biomejs/cli-linux-x64-musl":
      optional: true
    "@biomejs/cli-win32-arm64":
      optional: true
    "@biomejs/cli-win32-x64":
      optional: true
  bin:
    biome: bin/biome
  checksum: 10c0/b5655c5aed9a6fffe24f7d04f15ba4444389d0e891c9ed9106fab7388ac9b4be63185852cc2a937b22940dac3e550b71032a4afd306925cfea436c33e5646b3e
  languageName: node
  linkType: hard

"@biomejs/cli-darwin-arm64@npm:1.9.4":
  version: 1.9.4
  resolution: "@biomejs/cli-darwin-arm64@npm:1.9.4"
  conditions: os=darwin & cpu=arm64
  languageName: node
  linkType: hard

"@biomejs/cli-darwin-x64@npm:1.9.4":
  version: 1.9.4
  resolution: "@biomejs/cli-darwin-x64@npm:1.9.4"
  conditions: os=darwin & cpu=x64
  languageName: node
  linkType: hard

"@biomejs/cli-linux-arm64-musl@npm:1.9.4":
  version: 1.9.4
  resolution: "@biomejs/cli-linux-arm64-musl@npm:1.9.4"
  conditions: os=linux & cpu=arm64 & libc=musl
  languageName: node
  linkType: hard

"@biomejs/cli-linux-arm64@npm:1.9.4":
  version: 1.9.4
  resolution: "@biomejs/cli-linux-arm64@npm:1.9.4"
  conditions: os=linux & cpu=arm64 & libc=glibc
  languageName: node
  linkType: hard

"@biomejs/cli-linux-x64-musl@npm:1.9.4":
  version: 1.9.4
  resolution: "@biomejs/cli-linux-x64-musl@npm:1.9.4"
  conditions: os=linux & cpu=x64 & libc=musl
  languageName: node
  linkType: hard

"@biomejs/cli-linux-x64@npm:1.9.4":
  version: 1.9.4
  resolution: "@biomejs/cli-linux-x64@npm:1.9.4"
  conditions: os=linux & cpu=x64 & libc=glibc
  languageName: node
  linkType: hard

"@biomejs/cli-win32-arm64@npm:1.9.4":
  version: 1.9.4
  resolution: "@biomejs/cli-win32-arm64@npm:1.9.4"
  conditions: os=win32 & cpu=arm64
  languageName: node
  linkType: hard

"@biomejs/cli-win32-x64@npm:1.9.4":
  version: 1.9.4
  resolution: "@biomejs/cli-win32-x64@npm:1.9.4"
  conditions: os=win32 & cpu=x64
  languageName: node
  linkType: hard

"@ottol/app@workspace:app":
  version: 0.0.0-use.local
  resolution: "@ottol/app@workspace:app"
  dependencies:
    typescript: "npm:^5.7.3"
  languageName: unknown
  linkType: soft

"detect-indent@npm:^7.0.1":
  version: 7.0.1
  resolution: "detect-indent@npm:7.0.1"
  checksum: 10c0/47b6e3e3dda603c386e73b129f3e84844ae59bc2615f5072becf3cc02eab400bed5a4e6379c49d0b18cf630e80c2b07e87e0038b777addbc6ef793ad77dd05bc
  languageName: node
  linkType: hard

"detect-newline@npm:^4.0.0":
  version: 4.0.1
  resolution: "detect-newline@npm:4.0.1"
  checksum: 10c0/1cc1082e88ad477f30703ae9f23bd3e33816ea2db6a35333057e087d72d466f5a777809b71f560118ecff935d2c712f5b59e1008a8b56a900909d8fd4621c603
  languageName: node
  linkType: hard

"fdir@npm:^6.4.2":
  version: 6.4.3
  resolution: "fdir@npm:6.4.3"
  peerDependencies:
    picomatch: ^3 || ^4
  peerDependenciesMeta:
    picomatch:
      optional: true
  checksum: 10c0/d13c10120e9625adf21d8d80481586200759928c19405a816b77dd28eaeb80e7c59c5def3e2941508045eb06d34eb47fad865ccc8bf98e6ab988bb0ed160fb6f
  languageName: node
  linkType: hard

"get-stdin@npm:^9.0.0":
  version: 9.0.0
  resolution: "get-stdin@npm:9.0.0"
  checksum: 10c0/7ef2edc0c81a0644ca9f051aad8a96ae9373d901485abafaabe59fd347a1c378689d8a3d8825fb3067415d1d09dfcaa43cb9b9516ecac6b74b3138b65a8ccc6b
  languageName: node
  linkType: hard

"git-hooks-list@npm:^3.0.0":
  version: 3.2.0
  resolution: "git-hooks-list@npm:3.2.0"
  checksum: 10c0/6fdbc727da8e5a6fd9be47b40dd896db3a5c38196a3a52d2f0ed66fe28a6e0df50128b6e674d52b04fa5932a395b693441da9c0cfa7df16f1eff83aee042b127
  languageName: node
  linkType: hard

"is-plain-obj@npm:^4.1.0":
  version: 4.1.0
  resolution: "is-plain-obj@npm:4.1.0"
  checksum: 10c0/32130d651d71d9564dc88ba7e6fda0e91a1010a3694648e9f4f47bb6080438140696d3e3e15c741411d712e47ac9edc1a8a9de1fe76f3487b0d90be06ac9975e
  languageName: node
  linkType: hard

"ottol@workspace:.":
  version: 0.0.0-use.local
  resolution: "ottol@workspace:."
  dependencies:
    "@biomejs/biome": "npm:^1.9.4"
    sort-package-json: "npm:^2.14.0"
    typescript: "npm:^5.7.3"
  languageName: unknown
  linkType: soft

"picomatch@npm:^4.0.2":
  version: 4.0.2
  resolution: "picomatch@npm:4.0.2"
  checksum: 10c0/7c51f3ad2bb42c776f49ebf964c644958158be30d0a510efd5a395e8d49cb5acfed5b82c0c5b365523ce18e6ab85013c9ebe574f60305892ec3fa8eee8304ccc
  languageName: node
  linkType: hard

"semver@npm:^7.6.0":
  version: 7.7.1
  resolution: "semver@npm:7.7.1"
  bin:
    semver: bin/semver.js
  checksum: 10c0/fd603a6fb9c399c6054015433051bdbe7b99a940a8fb44b85c2b524c4004b023d7928d47cb22154f8d054ea7ee8597f586605e05b52047f048278e4ac56ae958
  languageName: node
  linkType: hard

"sort-object-keys@npm:^1.1.3":
  version: 1.1.3
  resolution: "sort-object-keys@npm:1.1.3"
  checksum: 10c0/3bf62398658d3ff4bbca0db4ed8f42f98abc41433859f63d02fb0ab953fbe5526be240ec7e5d85aa50fcab6c937f3fa7015abf1ecdeb3045a2281c53953886bf
  languageName: node
  linkType: hard

"sort-package-json@npm:^2.14.0":
  version: 2.14.0
  resolution: "sort-package-json@npm:2.14.0"
  dependencies:
    detect-indent: "npm:^7.0.1"
    detect-newline: "npm:^4.0.0"
    get-stdin: "npm:^9.0.0"
    git-hooks-list: "npm:^3.0.0"
    is-plain-obj: "npm:^4.1.0"
    semver: "npm:^7.6.0"
    sort-object-keys: "npm:^1.1.3"
    tinyglobby: "npm:^0.2.9"
  bin:
    sort-package-json: cli.js
  checksum: 10c0/bcc114a3b5e11d4539ba46dd4eeda6d6909202cb1a9526c230850f1edfdfcf8712e9479b71f98d8f6cb8554740294acdfcaae84461dcecd90592867e1ba90924
  languageName: node
  linkType: hard

"tinyglobby@npm:^0.2.9":
  version: 0.2.10
  resolution: "tinyglobby@npm:0.2.10"
  dependencies:
    fdir: "npm:^6.4.2"
    picomatch: "npm:^4.0.2"
  checksum: 10c0/ce946135d39b8c0e394e488ad59f4092e8c4ecd675ef1bcd4585c47de1b325e61ec6adfbfbe20c3c2bfa6fd674c5b06de2a2e65c433f752ae170aff11793e5ef
  languageName: node
  linkType: hard

"typescript@npm:^5.7.3":
  version: 5.7.3
  resolution: "typescript@npm:5.7.3"
  bin:
    tsc: bin/tsc
    tsserver: bin/tsserver
  checksum: 10c0/b7580d716cf1824736cc6e628ab4cd8b51877408ba2be0869d2866da35ef8366dd6ae9eb9d0851470a39be17cbd61df1126f9e211d8799d764ea7431d5435afa
  languageName: node
  linkType: hard

"typescript@patch:typescript@npm%3A^5.7.3#optional!builtin<compat/typescript>":
  version: 5.7.3
  resolution: "typescript@patch:typescript@npm%3A5.7.3#optional!builtin<compat/typescript>::version=5.7.3&hash=b45daf"
  bin:
    tsc: bin/tsc
    tsserver: bin/tsserver
  checksum: 10c0/3b56d6afa03d9f6172d0b9cdb10e6b1efc9abc1608efd7a3d2f38773d5d8cfb9bbc68dfb72f0a7de5e8db04fc847f4e4baeddcd5ad9c9feda072234f0d788896
  languageName: node
  linkType: hard
